{
  "nodes": {
    "eduroam-university-strasbourg": {
      "flake": false,
      "locked": {
        "narHash": "sha256-KHM63rSCNs/Jvj0RZh6hGYf44LFF2OzfIua1an+5TGQ=",
        "type": "file",
        "url": "https://cat.eduroam.org/user/API.php?action=downloadInstaller&device=linux&generatedfor=user&lang=en&openroaming=0&profile=328"
      },
      "original": {
        "type": "file",
        "url": "https://cat.eduroam.org/user/API.php?action=downloadInstaller&device=linux&generatedfor=user&lang=en&openroaming=0&profile=328"
      }
    },
    "nixpkgs": {
      "locked": {
        "lastModified": 1760038930,
        "narHash": "sha256-Oncbh0UmHjSlxO7ErQDM3KM0A5/Znfofj2BSzlHLeVw=",
        "owner": "nixos",
        "repo": "nixpkgs",
        "rev": "0b4defa2584313f3b781240b29d61f6f9f7e0df3",
        "type": "github"
      },
      "original": {
        "owner": "nixos",
        "ref": "nixos-unstable",
        "repo": "nixpkgs",
        "type": "github"
      }
    },
    "root": {
      "inputs": {
        "eduroam-university-strasbourg": "eduroam-university-strasbourg",
        "nixpkgs": "nixpkgs"
      }
    }
  },
  "root": "root",
  "version": 7
}
